{
  "name": "flask-template",
  "lockfileVersion": 3,
  "requires": true,
  "packages": {
    "": {
      "dependencies": {
        "@ons/design-system": "^72.1.1",
        "normalize.css": "^8.0.1"
      }
    },
    "node_modules/@ons/design-system": {
      "version": "72.1.1",
      "resolved": "https://registry.npmjs.org/@ons/design-system/-/design-system-72.1.1.tgz",
      "integrity": "sha512-HkfwMJQ7k1M3CBXN/aSTQuPlLx5/e5ySzfWVIDazReaUKRkJzjXI3Jdi3zkbK9bGYDIGqlE9AryU4s3EbgK3Vg==",
      "license": "MIT"
    },
    "node_modules/normalize.css": {
      "version": "8.0.1",
      "resolved": "https://registry.npmjs.org/normalize.css/-/normalize.css-8.0.1.tgz",
      "integrity": "sha512-qizSNPO93t1YUuUhP22btGOo3chcvDFqFaj2TRybP0DMxkHOCTYwp3n34fel4a31ORXy4m1Xq0Gyqpb5m33qIg==",
      "license": "MIT"
    }
  }
}
